
Microsoft Visual Studio Solution File, Format Version 12.00
# Visual Studio Version 16
VisualStudioVersion = 16.0.29409.12
MinimumVisualStudioVersion = 10.0.40219.1
Project("{FAE04EC0-301F-11D3-BF4B-00C04F79EFBC}") = "Task.DAL", "Task.DAL\Task.DAL.csproj", "{06C27FA0-5446-4F6A-BCE7-D5C0877D542D}"
EndProject
Project("{FAE04EC0-301F-11D3-BF4B-00C04F79EFBC}") = "Task.WebAPI", "Task.WebAPI\Task.WebAPI.csproj", "{47A5623A-E1CA-4EC1-ABAA-BECAE8ADA57B}"
EndProject
Project("{FAE04EC0-301F-11D3-BF4B-00C04F79EFBC}") = "Task.BLL", "Task.BLL\Task.BLL.csproj", "{D86536FA-E633-4511-AEBE-D06BE2CCB2E1}"
EndProject
Global
	GlobalSection(SolutionConfigurationPlatforms) = preSolution
		Debug|Any CPU = Debug|Any CPU
		Release|Any CPU = Release|Any CPU
	EndGlobalSection
	GlobalSection(ProjectConfigurationPlatforms) = postSolution
		{06C27FA0-5446-4F6A-BCE7-D5C0877D542D}.Debug|Any CPU.ActiveCfg = Debug|Any CPU
		{06C27FA0-5446-4F6A-BCE7-D5C0877D542D}.Debug|Any CPU.Build.0 = Debug|Any CPU
		{06C27FA0-5446-4F6A-BCE7-D5C0877D542D}.Release|Any CPU.ActiveCfg = Release|Any CPU
		{06C27FA0-5446-4F6A-BCE7-D5C0877D542D}.Release|Any CPU.Build.0 = Release|Any CPU
		{47A5623A-E1CA-4EC1-ABAA-BECAE8ADA57B}.Debug|Any CPU.ActiveCfg = Debug|Any CPU
		{47A5623A-E1CA-4EC1-ABAA-BECAE8ADA57B}.Debug|Any CPU.Build.0 = Debug|Any CPU
		{47A5623A-E1CA-4EC1-ABAA-BECAE8ADA57B}.Release|Any CPU.ActiveCfg = Release|Any CPU
		{47A5623A-E1CA-4EC1-ABAA-BECAE8ADA57B}.Release|Any CPU.Build.0 = Release|Any CPU
		{D86536FA-E633-4511-AEBE-D06BE2CCB2E1}.Debug|Any CPU.ActiveCfg = Debug|Any CPU
		{D86536FA-E633-4511-AEBE-D06BE2CCB2E1}.Debug|Any CPU.Build.0 = Debug|Any CPU
		{D86536FA-E633-4511-AEBE-D06BE2CCB2E1}.Release|Any CPU.ActiveCfg = Release|Any CPU
		{D86536FA-E633-4511-AEBE-D06BE2CCB2E1}.Release|Any CPU.Build.0 = Release|Any CPU
	EndGlobalSection
	GlobalSection(SolutionProperties) = preSolution
		HideSolutionNode = FALSE
	EndGlobalSection
	GlobalSection(ExtensibilityGlobals) = postSolution
		SolutionGuid = {5E2AD752-9031-49B5-BC43-185D52B46E0E}
	EndGlobalSection
EndGlobal
